
Microsoft Visual Studio Solution File, Format Version 12.00
# Visual Studio Version 17
VisualStudioVersion = 17.0.32014.148
MinimumVisualStudioVersion = 10.0.40219.1
Project("{FAE04EC0-301F-11D3-BF4B-00C04F79EFBC}") = "Timer", "Timer\Timer.csproj", "{A854B4C6-DE5F-4C9A-B64C-3452FF0151A8}"
EndProject
Global
	GlobalSection(SolutionConfigurationPlatforms) = preSolution
		Debug|Any CPU = Debug|Any CPU
		Release|Any CPU = Release|Any CPU
	EndGlobalSection
	GlobalSection(ProjectConfigurationPlatforms) = postSolution
		{A854B4C6-DE5F-4C9A-B64C-3452FF0151A8}.Debug|Any CPU.ActiveCfg = Debug|Any CPU
		{A854B4C6-DE5F-4C9A-B64C-3452FF0151A8}.Debug|Any CPU.Build.0 = Debug|Any CPU
		{A854B4C6-DE5F-4C9A-B64C-3452FF0151A8}.Release|Any CPU.ActiveCfg = Release|Any CPU
		{A854B4C6-DE5F-4C9A-B64C-3452FF0151A8}.Release|Any CPU.Build.0 = Release|Any CPU
	EndGlobalSection
	GlobalSection(SolutionProperties) = preSolution
		HideSolutionNode = FALSE
	EndGlobalSection
	GlobalSection(ExtensibilityGlobals) = postSolution
		SolutionGuid = {6D6C2672-5980-40DD-A9A6-7002984B3896}
	EndGlobalSection
EndGlobal
